// !$*UTF8*$!
{
	archiveVersion = 1;
	classes = {
	};
	objectVersion = 55;
	objects = {

/* Begin PBXBuildFile section */
		09F84CC2D7F13A87F1357313 /* Pods_Messenger.framework in Frameworks */ = {isa = PBXBuildFile; fileRef = 395B7931170055DC720B387B /* Pods_Messenger.framework */; };
		63D12DB2FB31551D1461E76B /* Pods_Messenger_MessengerUITests.framework in Frameworks */ = {isa = PBXBuildFile; fileRef = 54DD2EAF8FAA0EAB31B05583 /* Pods_Messenger_MessengerUITests.framework */; };
		8200EA772998A53E00E6A0B3 /* AppDelegate.swift in Sources */ = {isa = PBXBuildFile; fileRef = 8200EA762998A53E00E6A0B3 /* AppDelegate.swift */; };
		8200EA792998A53E00E6A0B3 /* SceneDelegate.swift in Sources */ = {isa = PBXBuildFile; fileRef = 8200EA782998A53E00E6A0B3 /* SceneDelegate.swift */; };
		8200EA7B2998A53E00E6A0B3 /* ConversationsVC.swift in Sources */ = {isa = PBXBuildFile; fileRef = 8200EA7A2998A53E00E6A0B3 /* ConversationsVC.swift */; };
		8200EA7E2998A53E00E6A0B3 /* Main.storyboard in Resources */ = {isa = PBXBuildFile; fileRef = 8200EA7C2998A53E00E6A0B3 /* Main.storyboard */; };
		8200EA802998A53F00E6A0B3 /* Assets.xcassets in Resources */ = {isa = PBXBuildFile; fileRef = 8200EA7F2998A53F00E6A0B3 /* Assets.xcassets */; };
		8200EA832998A53F00E6A0B3 /* LaunchScreen.storyboard in Resources */ = {isa = PBXBuildFile; fileRef = 8200EA812998A53F00E6A0B3 /* LaunchScreen.storyboard */; };
		8200EA8E2998A53F00E6A0B3 /* MessengerTests.swift in Sources */ = {isa = PBXBuildFile; fileRef = 8200EA8D2998A53F00E6A0B3 /* MessengerTests.swift */; };
		8200EA982998A53F00E6A0B3 /* MessengerUITests.swift in Sources */ = {isa = PBXBuildFile; fileRef = 8200EA972998A53F00E6A0B3 /* MessengerUITests.swift */; };
		8200EA9A2998A53F00E6A0B3 /* MessengerUITestsLaunchTests.swift in Sources */ = {isa = PBXBuildFile; fileRef = 8200EA992998A53F00E6A0B3 /* MessengerUITestsLaunchTests.swift */; };
		8200EAAD2998B06000E6A0B3 /* LoginVC.swift in Sources */ = {isa = PBXBuildFile; fileRef = 8200EAAC2998B06000E6A0B3 /* LoginVC.swift */; };
		8200EAAF2998B0B400E6A0B3 /* VideoPlayerVC.swift in Sources */ = {isa = PBXBuildFile; fileRef = 8200EAAE2998B0B400E6A0B3 /* VideoPlayerVC.swift */; };
		8200EAB12998B0C300E6A0B3 /* PhotoViewerVC.swift in Sources */ = {isa = PBXBuildFile; fileRef = 8200EAB02998B0C300E6A0B3 /* PhotoViewerVC.swift */; };
		8200EAB32998B0D500E6A0B3 /* RegistrationVC.swift in Sources */ = {isa = PBXBuildFile; fileRef = 8200EAB22998B0D500E6A0B3 /* RegistrationVC.swift */; };
		8200EAB52998B17E00E6A0B3 /* NewConversationVC.swift in Sources */ = {isa = PBXBuildFile; fileRef = 8200EAB42998B17E00E6A0B3 /* NewConversationVC.swift */; };
		8216B19C299FEE0200FD6088 /* GoogleService-Info.plist in Resources */ = {isa = PBXBuildFile; fileRef = 8216B19B299FEE0200FD6088 /* GoogleService-Info.plist */; };
		AC0E20838B34C58A2F4AF3E4 /* Pods_MessengerTests.framework in Frameworks */ = {isa = PBXBuildFile; fileRef = 0486ACA53655603CBA3EED84 /* Pods_MessengerTests.framework */; };
/* End PBXBuildFile section */

/* Begin PBXContainerItemProxy section */
		8200EA8A2998A53F00E6A0B3 /* PBXContainerItemProxy */ = {
			isa = PBXContainerItemProxy;
			containerPortal = 8200EA6B2998A53E00E6A0B3 /* Project object */;
			proxyType = 1;
			remoteGlobalIDString = 8200EA722998A53E00E6A0B3;
			remoteInfo = Messenger;
		};
		8200EA942998A53F00E6A0B3 /* PBXContainerItemProxy */ = {
			isa = PBXContainerItemProxy;
			containerPortal = 8200EA6B2998A53E00E6A0B3 /* Project object */;
			proxyType = 1;
			remoteGlobalIDString = 8200EA722998A53E00E6A0B3;
			remoteInfo = Messenger;
		};
/* End PBXContainerItemProxy section */

/* Begin PBXFileReference section */
		0486ACA53655603CBA3EED84 /* Pods_MessengerTests.framework */ = {isa = PBXFileReference; explicitFileType = wrapper.framework; includeInIndex = 0; path = Pods_MessengerTests.framework; sourceTree = BUILT_PRODUCTS_DIR; };
		14D4D3F77E1DFD3F8F860778 /* Pods-MessengerTests.debug.xcconfig */ = {isa = PBXFileReference; includeInIndex = 1; lastKnownFileType = text.xcconfig; name = "Pods-MessengerTests.debug.xcconfig"; path = "Target Support Files/Pods-MessengerTests/Pods-MessengerTests.debug.xcconfig"; sourceTree = "<group>"; };
		2B361D527C9B1008117A9881 /* Pods-Messenger.release.xcconfig */ = {isa = PBXFileReference; includeInIndex = 1; lastKnownFileType = text.xcconfig; name = "Pods-Messenger.release.xcconfig"; path = "Target Support Files/Pods-Messenger/Pods-Messenger.release.xcconfig"; sourceTree = "<group>"; };
		347607E6205C7F57EC10FEB5 /* Pods-Messenger-MessengerUITests.release.xcconfig */ = {isa = PBXFileReference; includeInIndex = 1; lastKnownFileType = text.xcconfig; name = "Pods-Messenger-MessengerUITests.release.xcconfig"; path = "Target Support Files/Pods-Messenger-MessengerUITests/Pods-Messenger-MessengerUITests.release.xcconfig"; sourceTree = "<group>"; };
		395B7931170055DC720B387B /* Pods_Messenger.framework */ = {isa = PBXFileReference; explicitFileType = wrapper.framework; includeInIndex = 0; path = Pods_Messenger.framework; sourceTree = BUILT_PRODUCTS_DIR; };
		43E1748B1B1B729E5BC5624C /* Pods-Messenger-MessengerUITests.debug.xcconfig */ = {isa = PBXFileReference; includeInIndex = 1; lastKnownFileType = text.xcconfig; name = "Pods-Messenger-MessengerUITests.debug.xcconfig"; path = "Target Support Files/Pods-Messenger-MessengerUITests/Pods-Messenger-MessengerUITests.debug.xcconfig"; sourceTree = "<group>"; };
		54DD2EAF8FAA0EAB31B05583 /* Pods_Messenger_MessengerUITests.framework */ = {isa = PBXFileReference; explicitFileType = wrapper.framework; includeInIndex = 0; path = Pods_Messenger_MessengerUITests.framework; sourceTree = BUILT_PRODUCTS_DIR; };
		8200EA732998A53E00E6A0B3 /* Messenger.app */ = {isa = PBXFileReference; explicitFileType = wrapper.application; includeInIndex = 0; path = Messenger.app; sourceTree = BUILT_PRODUCTS_DIR; };
		8200EA762998A53E00E6A0B3 /* AppDelegate.swift */ = {isa = PBXFileReference; lastKnownFileType = sourcecode.swift; path = AppDelegate.swift; sourceTree = "<group>"; };
		8200EA782998A53E00E6A0B3 /* SceneDelegate.swift */ = {isa = PBXFileReference; lastKnownFileType = sourcecode.swift; path = SceneDelegate.swift; sourceTree = "<group>"; };
		8200EA7A2998A53E00E6A0B3 /* ConversationsVC.swift */ = {isa = PBXFileReference; lastKnownFileType = sourcecode.swift; path = ConversationsVC.swift; sourceTree = "<group>"; };
		8200EA7D2998A53E00E6A0B3 /* Base */ = {isa = PBXFileReference; lastKnownFileType = file.storyboard; name = Base; path = Base.lproj/Main.storyboard; sourceTree = "<group>"; };
		8200EA7F2998A53F00E6A0B3 /* Assets.xcassets */ = {isa = PBXFileReference; lastKnownFileType = folder.assetcatalog; path = Assets.xcassets; sourceTree = "<group>"; };
		8200EA822998A53F00E6A0B3 /* Base */ = {isa = PBXFileReference; lastKnownFileType = file.storyboard; name = Base; path = Base.lproj/LaunchScreen.storyboard; sourceTree = "<group>"; };
		8200EA842998A53F00E6A0B3 /* Info.plist */ = {isa = PBXFileReference; lastKnownFileType = text.plist.xml; path = Info.plist; sourceTree = "<group>"; };
		8200EA892998A53F00E6A0B3 /* MessengerTests.xctest */ = {isa = PBXFileReference; explicitFileType = wrapper.cfbundle; includeInIndex = 0; path = MessengerTests.xctest; sourceTree = BUILT_PRODUCTS_DIR; };
		8200EA8D2998A53F00E6A0B3 /* MessengerTests.swift */ = {isa = PBXFileReference; lastKnownFileType = sourcecode.swift; path = MessengerTests.swift; sourceTree = "<group>"; };
		8200EA932998A53F00E6A0B3 /* MessengerUITests.xctest */ = {isa = PBXFileReference; explicitFileType = wrapper.cfbundle; includeInIndex = 0; path = MessengerUITests.xctest; sourceTree = BUILT_PRODUCTS_DIR; };
		8200EA972998A53F00E6A0B3 /* MessengerUITests.swift */ = {isa = PBXFileReference; lastKnownFileType = sourcecode.swift; path = MessengerUITests.swift; sourceTree = "<group>"; };
		8200EA992998A53F00E6A0B3 /* MessengerUITestsLaunchTests.swift */ = {isa = PBXFileReference; lastKnownFileType = sourcecode.swift; path = MessengerUITestsLaunchTests.swift; sourceTree = "<group>"; };
		8200EAAC2998B06000E6A0B3 /* LoginVC.swift */ = {isa = PBXFileReference; lastKnownFileType = sourcecode.swift; path = LoginVC.swift; sourceTree = "<group>"; };
		8200EAAE2998B0B400E6A0B3 /* VideoPlayerVC.swift */ = {isa = PBXFileReference; lastKnownFileType = sourcecode.swift; path = VideoPlayerVC.swift; sourceTree = "<group>"; };
		8200EAB02998B0C300E6A0B3 /* PhotoViewerVC.swift */ = {isa = PBXFileReference; lastKnownFileType = sourcecode.swift; path = PhotoViewerVC.swift; sourceTree = "<group>"; };
		8200EAB22998B0D500E6A0B3 /* RegistrationVC.swift */ = {isa = PBXFileReference; lastKnownFileType = sourcecode.swift; path = RegistrationVC.swift; sourceTree = "<group>"; };
		8200EAB42998B17E00E6A0B3 /* NewConversationVC.swift */ = {isa = PBXFileReference; lastKnownFileType = sourcecode.swift; path = NewConversationVC.swift; sourceTree = "<group>"; };
		8216B19B299FEE0200FD6088 /* GoogleService-Info.plist */ = {isa = PBXFileReference; fileEncoding = 4; lastKnownFileType = text.plist.xml; path = "GoogleService-Info.plist"; sourceTree = "<group>"; };
		DA23EFB064DEEF792AE457A6 /* Pods-Messenger.debug.xcconfig */ = {isa = PBXFileReference; includeInIndex = 1; lastKnownFileType = text.xcconfig; name = "Pods-Messenger.debug.xcconfig"; path = "Target Support Files/Pods-Messenger/Pods-Messenger.debug.xcconfig"; sourceTree = "<group>"; };
		FF650FCD87ECF2E6ECF16ADA /* Pods-MessengerTests.release.xcconfig */ = {isa = PBXFileReference; includeInIndex = 1; lastKnownFileType = text.xcconfig; name = "Pods-MessengerTests.release.xcconfig"; path = "Target Support Files/Pods-MessengerTests/Pods-MessengerTests.release.xcconfig"; sourceTree = "<group>"; };
/* End PBXFileReference section */

/* Begin PBXFrameworksBuildPhase section */
		8200EA702998A53E00E6A0B3 /* Frameworks */ = {
			isa = PBXFrameworksBuildPhase;
			buildActionMask = 2147483647;
			files = (
				09F84CC2D7F13A87F1357313 /* Pods_Messenger.framework in Frameworks */,
			);
			runOnlyForDeploymentPostprocessing = 0;
		};
		8200EA862998A53F00E6A0B3 /* Frameworks */ = {
			isa = PBXFrameworksBuildPhase;
			buildActionMask = 2147483647;
			files = (
				AC0E20838B34C58A2F4AF3E4 /* Pods_MessengerTests.framework in Frameworks */,
			);
			runOnlyForDeploymentPostprocessing = 0;
		};
		8200EA902998A53F00E6A0B3 /* Frameworks */ = {
			isa = PBXFrameworksBuildPhase;
			buildActionMask = 2147483647;
			files = (
				63D12DB2FB31551D1461E76B /* Pods_Messenger_MessengerUITests.framework in Frameworks */,
			);
			runOnlyForDeploymentPostprocessing = 0;
		};
/* End PBXFrameworksBuildPhase section */

/* Begin PBXGroup section */
		1DCAF1074A50370BD1F3DBC9 /* Pods */ = {
			isa = PBXGroup;
			children = (
				DA23EFB064DEEF792AE457A6 /* Pods-Messenger.debug.xcconfig */,
				2B361D527C9B1008117A9881 /* Pods-Messenger.release.xcconfig */,
				43E1748B1B1B729E5BC5624C /* Pods-Messenger-MessengerUITests.debug.xcconfig */,
				347607E6205C7F57EC10FEB5 /* Pods-Messenger-MessengerUITests.release.xcconfig */,
				14D4D3F77E1DFD3F8F860778 /* Pods-MessengerTests.debug.xcconfig */,
				FF650FCD87ECF2E6ECF16ADA /* Pods-MessengerTests.release.xcconfig */,
			);
			path = Pods;
			sourceTree = "<group>";
		};
		8200EA6A2998A53E00E6A0B3 = {
			isa = PBXGroup;
			children = (
				8200EA752998A53E00E6A0B3 /* Messenger */,
				8200EA8C2998A53F00E6A0B3 /* MessengerTests */,
				8200EA962998A53F00E6A0B3 /* MessengerUITests */,
				8200EA742998A53E00E6A0B3 /* Products */,
				1DCAF1074A50370BD1F3DBC9 /* Pods */,
				E831B577FD5928E8D956B382 /* Frameworks */,
			);
			sourceTree = "<group>";
		};
		8200EA742998A53E00E6A0B3 /* Products */ = {
			isa = PBXGroup;
			children = (
				8200EA732998A53E00E6A0B3 /* Messenger.app */,
				8200EA892998A53F00E6A0B3 /* MessengerTests.xctest */,
				8200EA932998A53F00E6A0B3 /* MessengerUITests.xctest */,
			);
			name = Products;
			sourceTree = "<group>";
		};
		8200EA752998A53E00E6A0B3 /* Messenger */ = {
			isa = PBXGroup;
			children = (
				8200EAAA2998A5AF00E6A0B3 /* ViewModels */,
				8200EAA92998A57800E6A0B3 /* Controller */,
				8200EAA82998A56E00E6A0B3 /* Views */,
				8200EAA72998A56700E6A0B3 /* Models */,
				8200EAA62998A55F00E6A0B3 /* Resources */,
				8200EA842998A53F00E6A0B3 /* Info.plist */,
				8216B19B299FEE0200FD6088 /* GoogleService-Info.plist */,
			);
			path = Messenger;
			sourceTree = "<group>";
		};
		8200EA8C2998A53F00E6A0B3 /* MessengerTests */ = {
			isa = PBXGroup;
			children = (
				8200EA8D2998A53F00E6A0B3 /* MessengerTests.swift */,
			);
			path = MessengerTests;
			sourceTree = "<group>";
		};
		8200EA962998A53F00E6A0B3 /* MessengerUITests */ = {
			isa = PBXGroup;
			children = (
				8200EA972998A53F00E6A0B3 /* MessengerUITests.swift */,
				8200EA992998A53F00E6A0B3 /* MessengerUITestsLaunchTests.swift */,
			);
			path = MessengerUITests;
			sourceTree = "<group>";
		};
		8200EAA62998A55F00E6A0B3 /* Resources */ = {
			isa = PBXGroup;
			children = (
				8200EA762998A53E00E6A0B3 /* AppDelegate.swift */,
				8200EA782998A53E00E6A0B3 /* SceneDelegate.swift */,
			);
			path = Resources;
			sourceTree = "<group>";
		};
		8200EAA72998A56700E6A0B3 /* Models */ = {
			isa = PBXGroup;
			children = (
			);
			path = Models;
			sourceTree = "<group>";
		};
		8200EAA82998A56E00E6A0B3 /* Views */ = {
			isa = PBXGroup;
			children = (
				8200EAAB2998A62E00E6A0B3 /* Storyboards */,
				8200EA7F2998A53F00E6A0B3 /* Assets.xcassets */,
			);
			path = Views;
			sourceTree = "<group>";
		};
		8200EAA92998A57800E6A0B3 /* Controller */ = {
			isa = PBXGroup;
			children = (
				8200EAB62998B1B200E6A0B3 /* Login */,
				8200EAAE2998B0B400E6A0B3 /* VideoPlayerVC.swift */,
				8200EA7A2998A53E00E6A0B3 /* ConversationsVC.swift */,
				8200EAB02998B0C300E6A0B3 /* PhotoViewerVC.swift */,
				8200EAB42998B17E00E6A0B3 /* NewConversationVC.swift */,
			);
			path = Controller;
			sourceTree = "<group>";
		};
		8200EAAA2998A5AF00E6A0B3 /* ViewModels */ = {
			isa = PBXGroup;
			children = (
			);
			path = ViewModels;
			sourceTree = "<group>";
		};
		8200EAAB2998A62E00E6A0B3 /* Storyboards */ = {
			isa = PBXGroup;
			children = (
				8200EA7C2998A53E00E6A0B3 /* Main.storyboard */,
				8200EA812998A53F00E6A0B3 /* LaunchScreen.storyboard */,
			);
			path = Storyboards;
			sourceTree = "<group>";
		};
		8200EAB62998B1B200E6A0B3 /* Login */ = {
			isa = PBXGroup;
			children = (
				8200EAB22998B0D500E6A0B3 /* RegistrationVC.swift */,
				8200EAAC2998B06000E6A0B3 /* LoginVC.swift */,
			);
			path = Login;
			sourceTree = "<group>";
		};
		E831B577FD5928E8D956B382 /* Frameworks */ = {
			isa = PBXGroup;
			children = (
				395B7931170055DC720B387B /* Pods_Messenger.framework */,
				54DD2EAF8FAA0EAB31B05583 /* Pods_Messenger_MessengerUITests.framework */,
				0486ACA53655603CBA3EED84 /* Pods_MessengerTests.framework */,
			);
			name = Frameworks;
			sourceTree = "<group>";
		};
/* End PBXGroup section */

/* Begin PBXNativeTarget section */
		8200EA722998A53E00E6A0B3 /* Messenger */ = {
			isa = PBXNativeTarget;
			buildConfigurationList = 8200EA9D2998A53F00E6A0B3 /* Build configuration list for PBXNativeTarget "Messenger" */;
			buildPhases = (
				E8AE6B68ECC03B7BF885B1E7 /* [CP] Check Pods Manifest.lock */,
				8200EA6F2998A53E00E6A0B3 /* Sources */,
				8200EA702998A53E00E6A0B3 /* Frameworks */,
				8200EA712998A53E00E6A0B3 /* Resources */,
				6788A85536CCBE8EA83DB142 /* [CP] Embed Pods Frameworks */,
			);
			buildRules = (
			);
			dependencies = (
			);
			name = Messenger;
			productName = Messenger;
			productReference = 8200EA732998A53E00E6A0B3 /* Messenger.app */;
			productType = "com.apple.product-type.application";
		};
		8200EA882998A53F00E6A0B3 /* MessengerTests */ = {
			isa = PBXNativeTarget;
			buildConfigurationList = 8200EAA02998A53F00E6A0B3 /* Build configuration list for PBXNativeTarget "MessengerTests" */;
			buildPhases = (
				2489EAC378A72A1616CA0F7D /* [CP] Check Pods Manifest.lock */,
				8200EA852998A53F00E6A0B3 /* Sources */,
				8200EA862998A53F00E6A0B3 /* Frameworks */,
				8200EA872998A53F00E6A0B3 /* Resources */,
			);
			buildRules = (
			);
			dependencies = (
				8200EA8B2998A53F00E6A0B3 /* PBXTargetDependency */,
			);
			name = MessengerTests;
			productName = MessengerTests;
			productReference = 8200EA892998A53F00E6A0B3 /* MessengerTests.xctest */;
			productType = "com.apple.product-type.bundle.unit-test";
		};
		8200EA922998A53F00E6A0B3 /* MessengerUITests */ = {
			isa = PBXNativeTarget;
			buildConfigurationList = 8200EAA32998A53F00E6A0B3 /* Build configuration list for PBXNativeTarget "MessengerUITests" */;
			buildPhases = (
				6CD1B22888E4E8DB4CF80615 /* [CP] Check Pods Manifest.lock */,
				8200EA8F2998A53F00E6A0B3 /* Sources */,
				8200EA902998A53F00E6A0B3 /* Frameworks */,
				8200EA912998A53F00E6A0B3 /* Resources */,
				A5380E18502F10AC20FC3CBA /* [CP] Embed Pods Frameworks */,
			);
			buildRules = (
			);
			dependencies = (
				8200EA952998A53F00E6A0B3 /* PBXTargetDependency */,
			);
			name = MessengerUITests;
			productName = MessengerUITests;
			productReference = 8200EA932998A53F00E6A0B3 /* MessengerUITests.xctest */;
			productType = "com.apple.product-type.bundle.ui-testing";
		};
/* End PBXNativeTarget section */

/* Begin PBXProject section */
		8200EA6B2998A53E00E6A0B3 /* Project object */ = {
			isa = PBXProject;
			attributes = {
				BuildIndependentTargetsInParallel = 1;
				LastSwiftUpdateCheck = 1340;
				LastUpgradeCheck = 1340;
				TargetAttributes = {
					8200EA722998A53E00E6A0B3 = {
						CreatedOnToolsVersion = 13.4.1;
					};
					8200EA882998A53F00E6A0B3 = {
						CreatedOnToolsVersion = 13.4.1;
						TestTargetID = 8200EA722998A53E00E6A0B3;
					};
					8200EA922998A53F00E6A0B3 = {
						CreatedOnToolsVersion = 13.4.1;
						TestTargetID = 8200EA722998A53E00E6A0B3;
					};
				};
			};
			buildConfigurationList = 8200EA6E2998A53E00E6A0B3 /* Build configuration list for PBXProject "Messenger" */;
			compatibilityVersion = "Xcode 13.0";
			developmentRegion = en;
			hasScannedForEncodings = 0;
			knownRegions = (
				en,
				Base,
			);
			mainGroup = 8200EA6A2998A53E00E6A0B3;
			productRefGroup = 8200EA742998A53E00E6A0B3 /* Products */;
			projectDirPath = "";
			projectRoot = "";
			targets = (
				8200EA722998A53E00E6A0B3 /* Messenger */,
				8200EA882998A53F00E6A0B3 /* MessengerTests */,
				8200EA922998A53F00E6A0B3 /* MessengerUITests */,
			);
		};
/* End PBXProject section */

/* Begin PBXResourcesBuildPhase section */
		8200EA712998A53E00E6A0B3 /* Resources */ = {
			isa = PBXResourcesBuildPhase;
			buildActionMask = 2147483647;
			files = (
				8200EA832998A53F00E6A0B3 /* LaunchScreen.storyboard in Resources */,
				8216B19C299FEE0200FD6088 /* GoogleService-Info.plist in Resources */,
				8200EA802998A53F00E6A0B3 /* Assets.xcassets in Resources */,
				8200EA7E2998A53E00E6A0B3 /* Main.storyboard in Resources */,
			);
			runOnlyForDeploymentPostprocessing = 0;
		};
		8200EA872998A53F00E6A0B3 /* Resources */ = {
			isa = PBXResourcesBuildPhase;
			buildActionMask = 2147483647;
			files = (
			);
			runOnlyForDeploymentPostprocessing = 0;
		};
		8200EA912998A53F00E6A0B3 /* Resources */ = {
			isa = PBXResourcesBuildPhase;
			buildActionMask = 2147483647;
			files = (
			);
			runOnlyForDeploymentPostprocessing = 0;
		};
/* End PBXResourcesBuildPhase section */

/* Begin PBXShellScriptBuildPhase section */
		2489EAC378A72A1616CA0F7D /* [CP] Check Pods Manifest.lock */ = {
			isa = PBXShellScriptBuildPhase;
			buildActionMask = 2147483647;
			files = (
			);
			inputFileListPaths = (
			);
			inputPaths = (
				"${PODS_PODFILE_DIR_PATH}/Podfile.lock",
				"${PODS_ROOT}/Manifest.lock",
			);
			name = "[CP] Check Pods Manifest.lock";
			outputFileListPaths = (
			);
			outputPaths = (
				"$(DERIVED_FILE_DIR)/Pods-MessengerTests-checkManifestLockResult.txt",
			);
			runOnlyForDeploymentPostprocessing = 0;
			shellPath = /bin/sh;
			shellScript = "diff \"${PODS_PODFILE_DIR_PATH}/Podfile.lock\" \"${PODS_ROOT}/Manifest.lock\" > /dev/null\nif [ $? != 0 ] ; then\n    # print error to STDERR\n    echo \"error: The sandbox is not in sync with the Podfile.lock. Run 'pod install' or update your CocoaPods installation.\" >&2\n    exit 1\nfi\n# This output is used by Xcode 'outputs' to avoid re-running this script phase.\necho \"SUCCESS\" > \"${SCRIPT_OUTPUT_FILE_0}\"\n";
			showEnvVarsInLog = 0;
		};
		6788A85536CCBE8EA83DB142 /* [CP] Embed Pods Frameworks */ = {
			isa = PBXShellScriptBuildPhase;
			buildActionMask = 2147483647;
			files = (
			);
			inputFileListPaths = (
				"${PODS_ROOT}/Target Support Files/Pods-Messenger/Pods-Messenger-frameworks-${CONFIGURATION}-input-files.xcfilelist",
			);
			name = "[CP] Embed Pods Frameworks";
			outputFileListPaths = (
				"${PODS_ROOT}/Target Support Files/Pods-Messenger/Pods-Messenger-frameworks-${CONFIGURATION}-output-files.xcfilelist",
			);
			runOnlyForDeploymentPostprocessing = 0;
			shellPath = /bin/sh;
			shellScript = "\"${PODS_ROOT}/Target Support Files/Pods-Messenger/Pods-Messenger-frameworks.sh\"\n";
			showEnvVarsInLog = 0;
		};
		6CD1B22888E4E8DB4CF80615 /* [CP] Check Pods Manifest.lock */ = {
			isa = PBXShellScriptBuildPhase;
			buildActionMask = 2147483647;
			files = (
			);
			inputFileListPaths = (
			);
			inputPaths = (
				"${PODS_PODFILE_DIR_PATH}/Podfile.lock",
				"${PODS_ROOT}/Manifest.lock",
			);
			name = "[CP] Check Pods Manifest.lock";
			outputFileListPaths = (
			);
			outputPaths = (
				"$(DERIVED_FILE_DIR)/Pods-Messenger-MessengerUITests-checkManifestLockResult.txt",
			);
			runOnlyForDeploymentPostprocessing = 0;
			shellPath = /bin/sh;
			shellScript = "diff \"${PODS_PODFILE_DIR_PATH}/Podfile.lock\" \"${PODS_ROOT}/Manifest.lock\" > /dev/null\nif [ $? != 0 ] ; then\n    # print error to STDERR\n    echo \"error: The sandbox is not in sync with the Podfile.lock. Run 'pod install' or update your CocoaPods installation.\" >&2\n    exit 1\nfi\n# This output is used by Xcode 'outputs' to avoid re-running this script phase.\necho \"SUCCESS\" > \"${SCRIPT_OUTPUT_FILE_0}\"\n";
			showEnvVarsInLog = 0;
		};
		A5380E18502F10AC20FC3CBA /* [CP] Embed Pods Frameworks */ = {
			isa = PBXShellScriptBuildPhase;
			buildActionMask = 2147483647;
			files = (
			);
			inputFileListPaths = (
				"${PODS_ROOT}/Target Support Files/Pods-Messenger-MessengerUITests/Pods-Messenger-MessengerUITests-frameworks-${CONFIGURATION}-input-files.xcfilelist",
			);
			name = "[CP] Embed Pods Frameworks";
			outputFileListPaths = (
				"${PODS_ROOT}/Target Support Files/Pods-Messenger-MessengerUITests/Pods-Messenger-MessengerUITests-frameworks-${CONFIGURATION}-output-files.xcfilelist",
			);
			runOnlyForDeploymentPostprocessing = 0;
			shellPath = /bin/sh;
			shellScript = "\"${PODS_ROOT}/Target Support Files/Pods-Messenger-MessengerUITests/Pods-Messenger-MessengerUITests-frameworks.sh\"\n";
			showEnvVarsInLog = 0;
		};
		E8AE6B68ECC03B7BF885B1E7 /* [CP] Check Pods Manifest.lock */ = {
			isa = PBXShellScriptBuildPhase;
			buildActionMask = 2147483647;
			files = (
			);
			inputFileListPaths = (
			);
			inputPaths = (
				"${PODS_PODFILE_DIR_PATH}/Podfile.lock",
				"${PODS_ROOT}/Manifest.lock",
			);
			name = "[CP] Check Pods Manifest.lock";
			outputFileListPaths = (
			);
			outputPaths = (
				"$(DERIVED_FILE_DIR)/Pods-Messenger-checkManifestLockResult.txt",
			);
			runOnlyForDeploymentPostprocessing = 0;
			shellPath = /bin/sh;
			shellScript = "diff \"${PODS_PODFILE_DIR_PATH}/Podfile.lock\" \"${PODS_ROOT}/Manifest.lock\" > /dev/null\nif [ $? != 0 ] ; then\n    # print error to STDERR\n    echo \"error: The sandbox is not in sync with the Podfile.lock. Run 'pod install' or update your CocoaPods installation.\" >&2\n    exit 1\nfi\n# This output is used by Xcode 'outputs' to avoid re-running this script phase.\necho \"SUCCESS\" > \"${SCRIPT_OUTPUT_FILE_0}\"\n";
			showEnvVarsInLog = 0;
		};
/* End PBXShellScriptBuildPhase section */

/* Begin PBXSourcesBuildPhase section */
		8200EA6F2998A53E00E6A0B3 /* Sources */ = {
			isa = PBXSourcesBuildPhase;
			buildActionMask = 2147483647;
			files = (
				8200EAB52998B17E00E6A0B3 /* NewConversationVC.swift in Sources */,
				8200EA7B2998A53E00E6A0B3 /* ConversationsVC.swift in Sources */,
				8200EAAF2998B0B400E6A0B3 /* VideoPlayerVC.swift in Sources */,
				8200EA772998A53E00E6A0B3 /* AppDelegate.swift in Sources */,
				8200EAB12998B0C300E6A0B3 /* PhotoViewerVC.swift in Sources */,
				8200EAAD2998B06000E6A0B3 /* LoginVC.swift in Sources */,
				8200EAB32998B0D500E6A0B3 /* RegistrationVC.swift in Sources */,
				8200EA792998A53E00E6A0B3 /* SceneDelegate.swift in Sources */,
			);
			runOnlyForDeploymentPostprocessing = 0;
		};
		8200EA852998A53F00E6A0B3 /* Sources */ = {
			isa = PBXSourcesBuildPhase;
			buildActionMask = 2147483647;
			files = (
				8200EA8E2998A53F00E6A0B3 /* MessengerTests.swift in Sources */,
			);
			runOnlyForDeploymentPostprocessing = 0;
		};
		8200EA8F2998A53F00E6A0B3 /* Sources */ = {
			isa = PBXSourcesBuildPhase;
			buildActionMask = 2147483647;
			files = (
				8200EA9A2998A53F00E6A0B3 /* MessengerUITestsLaunchTests.swift in Sources */,
				8200EA982998A53F00E6A0B3 /* MessengerUITests.swift in Sources */,
			);
			runOnlyForDeploymentPostprocessing = 0;
		};
/* End PBXSourcesBuildPhase section */

/* Begin PBXTargetDependency section */
		8200EA8B2998A53F00E6A0B3 /* PBXTargetDependency */ = {
			isa = PBXTargetDependency;
			target = 8200EA722998A53E00E6A0B3 /* Messenger */;
			targetProxy = 8200EA8A2998A53F00E6A0B3 /* PBXContainerItemProxy */;
		};
		8200EA952998A53F00E6A0B3 /* PBXTargetDependency */ = {
			isa = PBXTargetDependency;
			target = 8200EA722998A53E00E6A0B3 /* Messenger */;
			targetProxy = 8200EA942998A53F00E6A0B3 /* PBXContainerItemProxy */;
		};
/* End PBXTargetDependency section */

/* Begin PBXVariantGroup section */
		8200EA7C2998A53E00E6A0B3 /* Main.storyboard */ = {
			isa = PBXVariantGroup;
			children = (
				8200EA7D2998A53E00E6A0B3 /* Base */,
			);
			name = Main.storyboard;
			sourceTree = "<group>";
		};
		8200EA812998A53F00E6A0B3 /* LaunchScreen.storyboard */ = {
			isa = PBXVariantGroup;
			children = (
				8200EA822998A53F00E6A0B3 /* Base */,
			);
			name = LaunchScreen.storyboard;
			sourceTree = "<group>";
		};
/* End PBXVariantGroup section */

/* Begin XCBuildConfiguration section */
		8200EA9B2998A53F00E6A0B3 /* Debug */ = {
			isa = XCBuildConfiguration;
			buildSettings = {
				ALWAYS_SEARCH_USER_PATHS = NO;
				CLANG_ANALYZER_NONNULL = YES;
				CLANG_ANALYZER_NUMBER_OBJECT_CONVERSION = YES_AGGRESSIVE;
				CLANG_CXX_LANGUAGE_STANDARD = "gnu++17";
				CLANG_ENABLE_MODULES = YES;
				CLANG_ENABLE_OBJC_ARC = YES;
				CLANG_ENABLE_OBJC_WEAK = YES;
				CLANG_WARN_BLOCK_CAPTURE_AUTORELEASING = YES;
				CLANG_WARN_BOOL_CONVERSION = YES;
				CLANG_WARN_COMMA = YES;
				CLANG_WARN_CONSTANT_CONVERSION = YES;
				CLANG_WARN_DEPRECATED_OBJC_IMPLEMENTATIONS = YES;
				CLANG_WARN_DIRECT_OBJC_ISA_USAGE = YES_ERROR;
				CLANG_WARN_DOCUMENTATION_COMMENTS = YES;
				CLANG_WARN_EMPTY_BODY = YES;
				CLANG_WARN_ENUM_CONVERSION = YES;
				CLANG_WARN_INFINITE_RECURSION = YES;
				CLANG_WARN_INT_CONVERSION = YES;
				CLANG_WARN_NON_LITERAL_NULL_CONVERSION = YES;
				CLANG_WARN_OBJC_IMPLICIT_RETAIN_SELF = YES;
				CLANG_WARN_OBJC_LITERAL_CONVERSION = YES;
				CLANG_WARN_OBJC_ROOT_CLASS = YES_ERROR;
				CLANG_WARN_QUOTED_INCLUDE_IN_FRAMEWORK_HEADER = YES;
				CLANG_WARN_RANGE_LOOP_ANALYSIS = YES;
				CLANG_WARN_STRICT_PROTOTYPES = YES;
				CLANG_WARN_SUSPICIOUS_MOVE = YES;
				CLANG_WARN_UNGUARDED_AVAILABILITY = YES_AGGRESSIVE;
				CLANG_WARN_UNREACHABLE_CODE = YES;
				CLANG_WARN__DUPLICATE_METHOD_MATCH = YES;
				COPY_PHASE_STRIP = NO;
				DEBUG_INFORMATION_FORMAT = dwarf;
				ENABLE_STRICT_OBJC_MSGSEND = YES;
				ENABLE_TESTABILITY = YES;
				GCC_C_LANGUAGE_STANDARD = gnu11;
				GCC_DYNAMIC_NO_PIC = NO;
				GCC_NO_COMMON_BLOCKS = YES;
				GCC_OPTIMIZATION_LEVEL = 0;
				GCC_PREPROCESSOR_DEFINITIONS = (
					"DEBUG=1",
					"$(inherited)",
				);
				GCC_WARN_64_TO_32_BIT_CONVERSION = YES;
				GCC_WARN_ABOUT_RETURN_TYPE = YES_ERROR;
				GCC_WARN_UNDECLARED_SELECTOR = YES;
				GCC_WARN_UNINITIALIZED_AUTOS = YES_AGGRESSIVE;
				GCC_WARN_UNUSED_FUNCTION = YES;
				GCC_WARN_UNUSED_VARIABLE = YES;
				IPHONEOS_DEPLOYMENT_TARGET = 15.5;
				MTL_ENABLE_DEBUG_INFO = INCLUDE_SOURCE;
				MTL_FAST_MATH = YES;
				ONLY_ACTIVE_ARCH = YES;
				SDKROOT = iphoneos;
				SWIFT_ACTIVE_COMPILATION_CONDITIONS = DEBUG;
				SWIFT_OPTIMIZATION_LEVEL = "-Onone";
			};
			name = Debug;
		};
		8200EA9C2998A53F00E6A0B3 /* Release */ = {
			isa = XCBuildConfiguration;
			buildSettings = {
				ALWAYS_SEARCH_USER_PATHS = NO;
				CLANG_ANALYZER_NONNULL = YES;
				CLANG_ANALYZER_NUMBER_OBJECT_CONVERSION = YES_AGGRESSIVE;
				CLANG_CXX_LANGUAGE_STANDARD = "gnu++17";
				CLANG_ENABLE_MODULES = YES;
				CLANG_ENABLE_OBJC_ARC = YES;
				CLANG_ENABLE_OBJC_WEAK = YES;
				CLANG_WARN_BLOCK_CAPTURE_AUTORELEASING = YES;
				CLANG_WARN_BOOL_CONVERSION = YES;
				CLANG_WARN_COMMA = YES;
				CLANG_WARN_CONSTANT_CONVERSION = YES;
				CLANG_WARN_DEPRECATED_OBJC_IMPLEMENTATIONS = YES;
				CLANG_WARN_DIRECT_OBJC_ISA_USAGE = YES_ERROR;
				CLANG_WARN_DOCUMENTATION_COMMENTS = YES;
				CLANG_WARN_EMPTY_BODY = YES;
				CLANG_WARN_ENUM_CONVERSION = YES;
				CLANG_WARN_INFINITE_RECURSION = YES;
				CLANG_WARN_INT_CONVERSION = YES;
				CLANG_WARN_NON_LITERAL_NULL_CONVERSION = YES;
				CLANG_WARN_OBJC_IMPLICIT_RETAIN_SELF = YES;
				CLANG_WARN_OBJC_LITERAL_CONVERSION = YES;
				CLANG_WARN_OBJC_ROOT_CLASS = YES_ERROR;
				CLANG_WARN_QUOTED_INCLUDE_IN_FRAMEWORK_HEADER = YES;
				CLANG_WARN_RANGE_LOOP_ANALYSIS = YES;
				CLANG_WARN_STRICT_PROTOTYPES = YES;
				CLANG_WARN_SUSPICIOUS_MOVE = YES;
				CLANG_WARN_UNGUARDED_AVAILABILITY = YES_AGGRESSIVE;
				CLANG_WARN_UNREACHABLE_CODE = YES;
				CLANG_WARN__DUPLICATE_METHOD_MATCH = YES;
				COPY_PHASE_STRIP = NO;
				DEBUG_INFORMATION_FORMAT = "dwarf-with-dsym";
				ENABLE_NS_ASSERTIONS = NO;
				ENABLE_STRICT_OBJC_MSGSEND = YES;
				GCC_C_LANGUAGE_STANDARD = gnu11;
				GCC_NO_COMMON_BLOCKS = YES;
				GCC_WARN_64_TO_32_BIT_CONVERSION = YES;
				GCC_WARN_ABOUT_RETURN_TYPE = YES_ERROR;
				GCC_WARN_UNDECLARED_SELECTOR = YES;
				GCC_WARN_UNINITIALIZED_AUTOS = YES_AGGRESSIVE;
				GCC_WARN_UNUSED_FUNCTION = YES;
				GCC_WARN_UNUSED_VARIABLE = YES;
				IPHONEOS_DEPLOYMENT_TARGET = 15.5;
				MTL_ENABLE_DEBUG_INFO = NO;
				MTL_FAST_MATH = YES;
				SDKROOT = iphoneos;
				SWIFT_COMPILATION_MODE = wholemodule;
				SWIFT_OPTIMIZATION_LEVEL = "-O";
				VALIDATE_PRODUCT = YES;
			};
			name = Release;
		};
		8200EA9E2998A53F00E6A0B3 /* Debug */ = {
			isa = XCBuildConfiguration;
			baseConfigurationReference = DA23EFB064DEEF792AE457A6 /* Pods-Messenger.debug.xcconfig */;
			buildSettings = {
				ASSETCATALOG_COMPILER_APPICON_NAME = AppIcon;
				ASSETCATALOG_COMPILER_GLOBAL_ACCENT_COLOR_NAME = AccentColor;
				CODE_SIGN_STYLE = Automatic;
				CURRENT_PROJECT_VERSION = 1;
				DEVELOPMENT_TEAM = Q6GN2Y59NL;
				GENERATE_INFOPLIST_FILE = YES;
				INFOPLIST_FILE = Messenger/Info.plist;
				INFOPLIST_KEY_UIApplicationSupportsIndirectInputEvents = YES;
				INFOPLIST_KEY_UILaunchStoryboardName = LaunchScreen;
				INFOPLIST_KEY_UIMainStoryboardFile = Main;
				INFOPLIST_KEY_UISupportedInterfaceOrientations_iPad = "UIInterfaceOrientationPortrait UIInterfaceOrientationPortraitUpsideDown UIInterfaceOrientationLandscapeLeft UIInterfaceOrientationLandscapeRight";
				INFOPLIST_KEY_UISupportedInterfaceOrientations_iPhone = "UIInterfaceOrientationPortrait UIInterfaceOrientationLandscapeLeft UIInterfaceOrientationLandscapeRight";
				IPHONEOS_DEPLOYMENT_TARGET = 15.5;
				LD_RUNPATH_SEARCH_PATHS = (
					"$(inherited)",
					"@executable_path/Frameworks",
				);
				MARKETING_VERSION = 1.0;
				PRODUCT_BUNDLE_IDENTIFIER = com.example.Messenger;
				PRODUCT_NAME = "$(TARGET_NAME)";
				SWIFT_EMIT_LOC_STRINGS = YES;
				SWIFT_VERSION = 5.0;
				TARGETED_DEVICE_FAMILY = 1;
			};
			name = Debug;
		};
		8200EA9F2998A53F00E6A0B3 /* Release */ = {
			isa = XCBuildConfiguration;
			baseConfigurationReference = 2B361D527C9B1008117A9881 /* Pods-Messenger.release.xcconfig */;
			buildSettings = {
				ASSETCATALOG_COMPILER_APPICON_NAME = AppIcon;
				ASSETCATALOG_COMPILER_GLOBAL_ACCENT_COLOR_NAME = AccentColor;
				CODE_SIGN_STYLE = Automatic;
				CURRENT_PROJECT_VERSION = 1;
				DEVELOPMENT_TEAM = Q6GN2Y59NL;
				GENERATE_INFOPLIST_FILE = YES;
				INFOPLIST_FILE = Messenger/Info.plist;
				INFOPLIST_KEY_UIApplicationSupportsIndirectInputEvents = YES;
				INFOPLIST_KEY_UILaunchStoryboardName = LaunchScreen;
				INFOPLIST_KEY_UIMainStoryboardFile = Main;
				INFOPLIST_KEY_UISupportedInterfaceOrientations_iPad = "UIInterfaceOrientationPortrait UIInterfaceOrientationPortraitUpsideDown UIInterfaceOrientationLandscapeLeft UIInterfaceOrientationLandscapeRight";
				INFOPLIST_KEY_UISupportedInterfaceOrientations_iPhone = "UIInterfaceOrientationPortrait UIInterfaceOrientationLandscapeLeft UIInterfaceOrientationLandscapeRight";
				IPHONEOS_DEPLOYMENT_TARGET = 15.5;
				LD_RUNPATH_SEARCH_PATHS = (
					"$(inherited)",
					"@executable_path/Frameworks",
				);
				MARKETING_VERSION = 1.0;
				PRODUCT_BUNDLE_IDENTIFIER = com.example.Messenger;
				PRODUCT_NAME = "$(TARGET_NAME)";
				SWIFT_EMIT_LOC_STRINGS = YES;
				SWIFT_VERSION = 5.0;
				TARGETED_DEVICE_FAMILY = 1;
			};
			name = Release;
		};
		8200EAA12998A53F00E6A0B3 /* Debug */ = {
			isa = XCBuildConfiguration;
			baseConfigurationReference = 14D4D3F77E1DFD3F8F860778 /* Pods-MessengerTests.debug.xcconfig */;
			buildSettings = {
				ALWAYS_EMBED_SWIFT_STANDARD_LIBRARIES = YES;
				BUNDLE_LOADER = "$(TEST_HOST)";
				CODE_SIGN_STYLE = Automatic;
				CURRENT_PROJECT_VERSION = 1;
				DEVELOPMENT_TEAM = Q6GN2Y59NL;
				GENERATE_INFOPLIST_FILE = YES;
				IPHONEOS_DEPLOYMENT_TARGET = 15.5;
				MARKETING_VERSION = 1.0;
				PRODUCT_BUNDLE_IDENTIFIER = com.example.MessengerTests;
				PRODUCT_NAME = "$(TARGET_NAME)";
				SWIFT_EMIT_LOC_STRINGS = NO;
				SWIFT_VERSION = 5.0;
				TARGETED_DEVICE_FAMILY = "1,2";
				TEST_HOST = "$(BUILT_PRODUCTS_DIR)/Messenger.app/Messenger";
			};
			name = Debug;
		};
		8200EAA22998A53F00E6A0B3 /* Release */ = {
			isa = XCBuildConfiguration;
			baseConfigurationReference = FF650FCD87ECF2E6ECF16ADA /* Pods-MessengerTests.release.xcconfig */;
			buildSettings = {
				ALWAYS_EMBED_SWIFT_STANDARD_LIBRARIES = YES;
				BUNDLE_LOADER = "$(TEST_HOST)";
				CODE_SIGN_STYLE = Automatic;
				CURRENT_PROJECT_VERSION = 1;
				DEVELOPMENT_TEAM = Q6GN2Y59NL;
				GENERATE_INFOPLIST_FILE = YES;
				IPHONEOS_DEPLOYMENT_TARGET = 15.5;
				MARKETING_VERSION = 1.0;
				PRODUCT_BUNDLE_IDENTIFIER = com.example.MessengerTests;
				PRODUCT_NAME = "$(TARGET_NAME)";
				SWIFT_EMIT_LOC_STRINGS = NO;
				SWIFT_VERSION = 5.0;
				TARGETED_DEVICE_FAMILY = "1,2";
				TEST_HOST = "$(BUILT_PRODUCTS_DIR)/Messenger.app/Messenger";
			};
			name = Release;
		};
		8200EAA42998A53F00E6A0B3 /* Debug */ = {
			isa = XCBuildConfiguration;
			baseConfigurationReference = 43E1748B1B1B729E5BC5624C /* Pods-Messenger-MessengerUITests.debug.xcconfig */;
			buildSettings = {
				ALWAYS_EMBED_SWIFT_STANDARD_LIBRARIES = YES;
				CODE_SIGN_STYLE = Automatic;
				CURRENT_PROJECT_VERSION = 1;
				DEVELOPMENT_TEAM = Q6GN2Y59NL;
				GENERATE_INFOPLIST_FILE = YES;
				MARKETING_VERSION = 1.0;
				PRODUCT_BUNDLE_IDENTIFIER = com.example.MessengerUITests;
				PRODUCT_NAME = "$(TARGET_NAME)";
				SWIFT_EMIT_LOC_STRINGS = NO;
				SWIFT_VERSION = 5.0;
				TARGETED_DEVICE_FAMILY = "1,2";
				TEST_TARGET_NAME = Messenger;
			};
			name = Debug;
		};
		8200EAA52998A53F00E6A0B3 /* Release */ = {
			isa = XCBuildConfiguration;
			baseConfigurationReference = 347607E6205C7F57EC10FEB5 /* Pods-Messenger-MessengerUITests.release.xcconfig */;
			buildSettings = {
				ALWAYS_EMBED_SWIFT_STANDARD_LIBRARIES = YES;
				CODE_SIGN_STYLE = Automatic;
				CURRENT_PROJECT_VERSION = 1;
				DEVELOPMENT_TEAM = Q6GN2Y59NL;
				GENERATE_INFOPLIST_FILE = YES;
				MARKETING_VERSION = 1.0;
				PRODUCT_BUNDLE_IDENTIFIER = com.example.MessengerUITests;
				PRODUCT_NAME = "$(TARGET_NAME)";
				SWIFT_EMIT_LOC_STRINGS = NO;
				SWIFT_VERSION = 5.0;
				TARGETED_DEVICE_FAMILY = "1,2";
				TEST_TARGET_NAME = Messenger;
			};
			name = Release;
		};
/* End XCBuildConfiguration section */

/* Begin XCConfigurationList section */
		8200EA6E2998A53E00E6A0B3 /* Build configuration list for PBXProject "Messenger" */ = {
			isa = XCConfigurationList;
			buildConfigurations = (
				8200EA9B2998A53F00E6A0B3 /* Debug */,
				8200EA9C2998A53F00E6A0B3 /* Release */,
			);
			defaultConfigurationIsVisible = 0;
			defaultConfigurationName = Release;
		};
		8200EA9D2998A53F00E6A0B3 /* Build configuration list for PBXNativeTarget "Messenger" */ = {
			isa = XCConfigurationList;
			buildConfigurations = (
				8200EA9E2998A53F00E6A0B3 /* Debug */,
				8200EA9F2998A53F00E6A0B3 /* Release */,
			);
			defaultConfigurationIsVisible = 0;
			defaultConfigurationName = Release;
		};
		8200EAA02998A53F00E6A0B3 /* Build configuration list for PBXNativeTarget "MessengerTests" */ = {
			isa = XCConfigurationList;
			buildConfigurations = (
				8200EAA12998A53F00E6A0B3 /* Debug */,
				8200EAA22998A53F00E6A0B3 /* Release */,
			);
			defaultConfigurationIsVisible = 0;
			defaultConfigurationName = Release;
		};
		8200EAA32998A53F00E6A0B3 /* Build configuration list for PBXNativeTarget "MessengerUITests" */ = {
			isa = XCConfigurationList;
			buildConfigurations = (
				8200EAA42998A53F00E6A0B3 /* Debug */,
				8200EAA52998A53F00E6A0B3 /* Release */,
			);
			defaultConfigurationIsVisible = 0;
			defaultConfigurationName = Release;
		};
/* End XCConfigurationList section */
	};
	rootObject = 8200EA6B2998A53E00E6A0B3 /* Project object */;
}
